
Microsoft Visual Studio Solution File, Format Version 12.00
# Visual Studio Version 17
VisualStudioVersion = 17.3.32819.101
MinimumVisualStudioVersion = 10.0.40219.1
Project("{FAE04EC0-301F-11D3-BF4B-00C04F79EFBC}") = "TexasPPDMLoader", "TexasPPDMLoader\TexasPPDMLoader.csproj", "{37CACD97-22C7-4C2A-988A-C14FA2CA7AFE}"
EndProject
Global
	GlobalSection(SolutionConfigurationPlatforms) = preSolution
		Debug|Any CPU = Debug|Any CPU
		Release|Any CPU = Release|Any CPU
	EndGlobalSection
	GlobalSection(ProjectConfigurationPlatforms) = postSolution
		{37CACD97-22C7-4C2A-988A-C14FA2CA7AFE}.Debug|Any CPU.ActiveCfg = Debug|Any CPU
		{37CACD97-22C7-4C2A-988A-C14FA2CA7AFE}.Debug|Any CPU.Build.0 = Debug|Any CPU
		{37CACD97-22C7-4C2A-988A-C14FA2CA7AFE}.Release|Any CPU.ActiveCfg = Release|Any CPU
		{37CACD97-22C7-4C2A-988A-C14FA2CA7AFE}.Release|Any CPU.Build.0 = Release|Any CPU
	EndGlobalSection
	GlobalSection(SolutionProperties) = preSolution
		HideSolutionNode = FALSE
	EndGlobalSection
	GlobalSection(ExtensibilityGlobals) = postSolution
		SolutionGuid = {2218B972-ABF6-4138-8008-765B2B183FD2}
	EndGlobalSection
EndGlobal
